PODS:
  - BonMot (5.5)
  - FootlessParser (0.5.2)
  - Hue (5.0.0)
  - Nimble (6.1.0)
  - Quick (2.2.0)

DEPENDENCIES:
  - BonMot
  - FootlessParser (~> 0.5.2)
  - Hue
  - Nimble (< 7.0.0)
  - Quick

SPEC REPOS:
  trunk:
    - BonMot
    - FootlessParser
    - Hue
    - Nimble
    - Quick

SPEC CHECKSUMS:
  BonMot: 58a86daf442518ff78e00cf54430fd03de37945a
  FootlessParser: 521916d592fa6cba06cfca6f4b5d4f5a2d49175a
  Hue: c129cb67be7d093a82bbbc30ce8a96757bf6f37a
  Nimble: c53e6903fee94041b90ded74f135820437d8bf59
  Quick: 7fb19e13be07b5dfb3b90d4f9824c855a11af40e

PODFILE CHECKSUM: bdaf3a85372b6bd8a30c571993b38a3a34e4b509

COCOAPODS: 1.10.0
